// !$*UTF8*$!
{
	archiveVersion = 1;
	classes = {
	};
	objectVersion = 46;
	objects = {

/* Begin PBXBuildFile section */
		622D59A21C34B6C7003440C0 /* AppDelegate.swift in Sources */ = {isa = PBXBuildFile; fileRef = 622D59A11C34B6C7003440C0 /* AppDelegate.swift */; };
		622D59A41C34B6C7003440C0 /* ViewController.swift in Sources */ = {isa = PBXBuildFile; fileRef = 622D59A31C34B6C7003440C0 /* ViewController.swift */; };
		622D59A71C34B6C7003440C0 /* Main.storyboard in Resources */ = {isa = PBXBuildFile; fileRef = 622D59A51C34B6C7003440C0 /* Main.storyboard */; };
		622D59A91C34B6C7003440C0 /* Assets.xcassets in Resources */ = {isa = PBXBuildFile; fileRef = 622D59A81C34B6C7003440C0 /* Assets.xcassets */; };
		622D59AC1C34B6C7003440C0 /* LaunchScreen.storyboard in Resources */ = {isa = PBXBuildFile; fileRef = 622D59AA1C34B6C7003440C0 /* LaunchScreen.storyboard */; };
		622D59B71C34B6C8003440C0 /* AmazingAmazonTests.swift in Sources */ = {isa = PBXBuildFile; fileRef = 622D59B61C34B6C8003440C0 /* AmazingAmazonTests.swift */; };
		622D59C21C34B6C8003440C0 /* AmazingAmazonUITests.swift in Sources */ = {isa = PBXBuildFile; fileRef = 622D59C11C34B6C8003440C0 /* AmazingAmazonUITests.swift */; };
/* End PBXBuildFile section */

/* Begin PBXContainerItemProxy section */
		622D59B31C34B6C8003440C0 /* PBXContainerItemProxy */ = {
			isa = PBXContainerItemProxy;
			containerPortal = 622D59961C34B6C7003440C0 /* Project object */;
			proxyType = 1;
			remoteGlobalIDString = 622D599D1C34B6C7003440C0;
			remoteInfo = AmazingAmazon;
		};
		622D59BE1C34B6C8003440C0 /* PBXContainerItemProxy */ = {
			isa = PBXContainerItemProxy;
			containerPortal = 622D59961C34B6C7003440C0 /* Project object */;
			proxyType = 1;
			remoteGlobalIDString = 622D599D1C34B6C7003440C0;
			remoteInfo = AmazingAmazon;
		};
/* End PBXContainerItemProxy section */

/* Begin PBXFileReference section */
		622D599E1C34B6C7003440C0 /* AmazingAmazon.app */ = {isa = PBXFileReference; explicitFileType = wrapper.application; includeInIndex = 0; path = AmazingAmazon.app; sourceTree = BUILT_PRODUCTS_DIR; };
		622D59A11C34B6C7003440C0 /* AppDelegate.swift */ = {isa = PBXFileReference; lastKnownFileType = sourcecode.swift; path = AppDelegate.swift; sourceTree = "<group>"; };
		622D59A31C34B6C7003440C0 /* ViewController.swift */ = {isa = PBXFileReference; lastKnownFileType = sourcecode.swift; path = ViewController.swift; sourceTree = "<group>"; };
		622D59A61C34B6C7003440C0 /* Base */ = {isa = PBXFileReference; lastKnownFileType = file.storyboard; name = Base; path = Base.lproj/Main.storyboard; sourceTree = "<group>"; };
		622D59A81C34B6C7003440C0 /* Assets.xcassets */ = {isa = PBXFileReference; lastKnownFileType = folder.assetcatalog; path = Assets.xcassets; sourceTree = "<group>"; };
		622D59AB1C34B6C7003440C0 /* Base */ = {isa = PBXFileReference; lastKnownFileType = file.storyboard; name = Base; path = Base.lproj/LaunchScreen.storyboard; sourceTree = "<group>"; };
		622D59AD1C34B6C7003440C0 /* Info.plist */ = {isa = PBXFileReference; lastKnownFileType = text.plist.xml; path = Info.plist; sourceTree = "<group>"; };
		622D59B21C34B6C8003440C0 /* AmazingAmazonTests.xctest */ = {isa = PBXFileReference; explicitFileType = wrapper.cfbundle; includeInIndex = 0; path = AmazingAmazonTests.xctest; sourceTree = BUILT_PRODUCTS_DIR; };
		622D59B61C34B6C8003440C0 /* AmazingAmazonTests.swift */ = {isa = PBXFileReference; lastKnownFileType = sourcecode.swift; path = AmazingAmazonTests.swift; sourceTree = "<group>"; };
		622D59B81C34B6C8003440C0 /* Info.plist */ = {isa = PBXFileReference; lastKnownFileType = text.plist.xml; path = Info.plist; sourceTree = "<group>"; };
		622D59BD1C34B6C8003440C0 /* AmazingAmazonUITests.xctest */ = {isa = PBXFileReference; explicitFileType = wrapper.cfbundle; includeInIndex = 0; path = AmazingAmazonUITests.xctest; sourceTree = BUILT_PRODUCTS_DIR; };
		622D59C11C34B6C8003440C0 /* AmazingAmazonUITests.swift */ = {isa = PBXFileReference; lastKnownFileType = sourcecode.swift; path = AmazingAmazonUITests.swift; sourceTree = "<group>"; };
		622D59C31C34B6C8003440C0 /* Info.plist */ = {isa = PBXFileReference; lastKnownFileType = text.plist.xml; path = Info.plist; sourceTree = "<group>"; };
/* End PBXFileReference section */

/* Begin PBXFrameworksBuildPhase section */
		622D599B1C34B6C7003440C0 /* Frameworks */ = {
			isa = PBXFrameworksBuildPhase;
			buildActionMask = 2147483647;
			files = (
			);
			runOnlyForDeploymentPostprocessing = 0;
		};
		622D59AF1C34B6C8003440C0 /* Frameworks */ = {
			isa = PBXFrameworksBuildPhase;
			buildActionMask = 2147483647;
			files = (
			);
			runOnlyForDeploymentPostprocessing = 0;
		};
		622D59BA1C34B6C8003440C0 /* Frameworks */ = {
			isa = PBXFrameworksBuildPhase;
			buildActionMask = 2147483647;
			files = (
			);
			runOnlyForDeploymentPostprocessing = 0;
		};
/* End PBXFrameworksBuildPhase section */

/* Begin PBXGroup section */
		622D59951C34B6C7003440C0 = {
			isa = PBXGroup;
			children = (
				622D59A01C34B6C7003440C0 /* AmazingAmazon */,
				622D59B51C34B6C8003440C0 /* AmazingAmazonTests */,
				622D59C01C34B6C8003440C0 /* AmazingAmazonUITests */,
				622D599F1C34B6C7003440C0 /* Products */,
			);
			sourceTree = "<group>";
		};
		622D599F1C34B6C7003440C0 /* Products */ = {
			isa = PBXGroup;
			children = (
				622D599E1C34B6C7003440C0 /* AmazingAmazon.app */,
				622D59B21C34B6C8003440C0 /* AmazingAmazonTests.xctest */,
				622D59BD1C34B6C8003440C0 /* AmazingAmazonUITests.xctest */,
			);
			name = Products;
			sourceTree = "<group>";
		};
		622D59A01C34B6C7003440C0 /* AmazingAmazon */ = {
			isa = PBXGroup;
			children = (
				622D59A11C34B6C7003440C0 /* AppDelegate.swift */,
				622D59A31C34B6C7003440C0 /* ViewController.swift */,
				622D59A51C34B6C7003440C0 /* Main.storyboard */,
				622D59A81C34B6C7003440C0 /* Assets.xcassets */,
				622D59AA1C34B6C7003440C0 /* LaunchScreen.storyboard */,
				622D59AD1C34B6C7003440C0 /* Info.plist */,
			);
			path = AmazingAmazon;
			sourceTree = "<group>";
		};
		622D59B51C34B6C8003440C0 /* AmazingAmazonTests */ = {
			isa = PBXGroup;
			children = (
				622D59B61C34B6C8003440C0 /* AmazingAmazonTests.swift */,
				622D59B81C34B6C8003440C0 /* Info.plist */,
			);
			path = AmazingAmazonTests;
			sourceTree = "<group>";
		};
		622D59C01C34B6C8003440C0 /* AmazingAmazonUITests */ = {
			isa = PBXGroup;
			children = (
				622D59C11C34B6C8003440C0 /* AmazingAmazonUITests.swift */,
				622D59C31C34B6C8003440C0 /* Info.plist */,
			);
			path = AmazingAmazonUITests;
			sourceTree = "<group>";
		};
/* End PBXGroup section */

/* Begin PBXNativeTarget section */
		622D599D1C34B6C7003440C0 /* AmazingAmazon */ = {
			isa = PBXNativeTarget;
			buildConfigurationList = 622D59C61C34B6C8003440C0 /* Build configuration list for PBXNativeTarget "AmazingAmazon" */;
			buildPhases = (
				622D599A1C34B6C7003440C0 /* Sources */,
				622D599B1C34B6C7003440C0 /* Frameworks */,
				622D599C1C34B6C7003440C0 /* Resources */,
			);
			buildRules = (
			);
			dependencies = (
			);
			name = AmazingAmazon;
			productName = AmazingAmazon;
			productReference = 622D599E1C34B6C7003440C0 /* AmazingAmazon.app */;
			productType = "com.apple.product-type.application";
		};
		622D59B11C34B6C8003440C0 /* AmazingAmazonTests */ = {
			isa = PBXNativeTarget;
			buildConfigurationList = 622D59C91C34B6C8003440C0 /* Build configuration list for PBXNativeTarget "AmazingAmazonTests" */;
			buildPhases = (
				622D59AE1C34B6C8003440C0 /* Sources */,
				622D59AF1C34B6C8003440C0 /* Frameworks */,
				622D59B01C34B6C8003440C0 /* Resources */,
			);
			buildRules = (
			);
			dependencies = (
				622D59B41C34B6C8003440C0 /* PBXTargetDependency */,
			);
			name = AmazingAmazonTests;
			productName = AmazingAmazonTests;
			productReference = 622D59B21C34B6C8003440C0 /* AmazingAmazonTests.xctest */;
			productType = "com.apple.product-type.bundle.unit-test";
		};
		622D59BC1C34B6C8003440C0 /* AmazingAmazonUITests */ = {
			isa = PBXNativeTarget;
			buildConfigurationList = 622D59CC1C34B6C8003440C0 /* Build configuration list for PBXNativeTarget "AmazingAmazonUITests" */;
			buildPhases = (
				622D59B91C34B6C8003440C0 /* Sources */,
				622D59BA1C34B6C8003440C0 /* Frameworks */,
				622D59BB1C34B6C8003440C0 /* Resources */,
			);
			buildRules = (
			);
			dependencies = (
				622D59BF1C34B6C8003440C0 /* PBXTargetDependency */,
			);
			name = AmazingAmazonUITests;
			productName = AmazingAmazonUITests;
			productReference = 622D59BD1C34B6C8003440C0 /* AmazingAmazonUITests.xctest */;
			productType = "com.apple.product-type.bundle.ui-testing";
		};
/* End PBXNativeTarget section */

/* Begin PBXProject section */
		622D59961C34B6C7003440C0 /* Project object */ = {
			isa = PBXProject;
			attributes = {
				LastSwiftUpdateCheck = 0720;
				LastUpgradeCheck = 0720;
				ORGANIZATIONNAME = TAC;
				TargetAttributes = {
					622D599D1C34B6C7003440C0 = {
						CreatedOnToolsVersion = 7.2;
					};
					622D59B11C34B6C8003440C0 = {
						CreatedOnToolsVersion = 7.2;
						TestTargetID = 622D599D1C34B6C7003440C0;
					};
					622D59BC1C34B6C8003440C0 = {
						CreatedOnToolsVersion = 7.2;
						TestTargetID = 622D599D1C34B6C7003440C0;
					};
				};
			};
			buildConfigurationList = 622D59991C34B6C7003440C0 /* Build configuration list for PBXProject "AmazingAmazon" */;
			compatibilityVersion = "Xcode 3.2";
			developmentRegion = English;
			hasScannedForEncodings = 0;
			knownRegions = (
				en,
				Base,
			);
			mainGroup = 622D59951C34B6C7003440C0;
			productRefGroup = 622D599F1C34B6C7003440C0 /* Products */;
			projectDirPath = "";
			projectRoot = "";
			targets = (
				622D599D1C34B6C7003440C0 /* AmazingAmazon */,
				622D59B11C34B6C8003440C0 /* AmazingAmazonTests */,
				622D59BC1C34B6C8003440C0 /* AmazingAmazonUITests */,
			);
		};
/* End PBXProject section */

/* Begin PBXResourcesBuildPhase section */
		622D599C1C34B6C7003440C0 /* Resources */ = {
			isa = PBXResourcesBuildPhase;
			buildActionMask = 2147483647;
			files = (
				622D59AC1C34B6C7003440C0 /* LaunchScreen.storyboard in Resources */,
				622D59A91C34B6C7003440C0 /* Assets.xcassets in Resources */,
				622D59A71C34B6C7003440C0 /* Main.storyboard in Resources */,
			);
			runOnlyForDeploymentPostprocessing = 0;
		};
		622D59B01C34B6C8003440C0 /* Resources */ = {
			isa = PBXResourcesBuildPhase;
			buildActionMask = 2147483647;
			files = (
			);
			runOnlyForDeploymentPostprocessing = 0;
		};
		622D59BB1C34B6C8003440C0 /* Resources */ = {
			isa = PBXResourcesBuildPhase;
			buildActionMask = 2147483647;
			files = (
			);
			runOnlyForDeploymentPostprocessing = 0;
		};
/* End PBXResourcesBuildPhase section */

/* Begin PBXSourcesBuildPhase section */
		622D599A1C34B6C7003440C0 /* Sources */ = {
			isa = PBXSourcesBuildPhase;
			buildActionMask = 2147483647;
			files = (
				622D59A41C34B6C7003440C0 /* ViewController.swift in Sources */,
				622D59A21C34B6C7003440C0 /* AppDelegate.swift in Sources */,
			);
			runOnlyForDeploymentPostprocessing = 0;
		};
		622D59AE1C34B6C8003440C0 /* Sources */ = {
			isa = PBXSourcesBuildPhase;
			buildActionMask = 2147483647;
			files = (
				622D59B71C34B6C8003440C0 /* AmazingAmazonTests.swift in Sources */,
			);
			runOnlyForDeploymentPostprocessing = 0;
		};
		622D59B91C34B6C8003440C0 /* Sources */ = {
			isa = PBXSourcesBuildPhase;
			buildActionMask = 2147483647;
			files = (
				622D59C21C34B6C8003440C0 /* AmazingAmazonUITests.swift in Sources */,
			);
			runOnlyForDeploymentPostprocessing = 0;
		};
/* End PBXSourcesBuildPhase section */

/* Begin PBXTargetDependency section */
		622D59B41C34B6C8003440C0 /* PBXTargetDependency */ = {
			isa = PBXTargetDependency;
			target = 622D599D1C34B6C7003440C0 /* AmazingAmazon */;
			targetProxy = 622D59B31C34B6C8003440C0 /* PBXContainerItemProxy */;
		};
		622D59BF1C34B6C8003440C0 /* PBXTargetDependency */ = {
			isa = PBXTargetDependency;
			target = 622D599D1C34B6C7003440C0 /* AmazingAmazon */;
			targetProxy = 622D59BE1C34B6C8003440C0 /* PBXContainerItemProxy */;
		};
/* End PBXTargetDependency section */

/* Begin PBXVariantGroup section */
		622D59A51C34B6C7003440C0 /* Main.storyboard */ = {
			isa = PBXVariantGroup;
			children = (
				622D59A61C34B6C7003440C0 /* Base */,
			);
			name = Main.storyboard;
			sourceTree = "<group>";
		};
		622D59AA1C34B6C7003440C0 /* LaunchScreen.storyboard */ = {
			isa = PBXVariantGroup;
			children = (
				622D59AB1C34B6C7003440C0 /* Base */,
			);
			name = LaunchScreen.storyboard;
			sourceTree = "<group>";
		};
/* End PBXVariantGroup section */

/* Begin XCBuildConfiguration section */
		622D59C41C34B6C8003440C0 /* Debug */ = {
			isa = XCBuildConfiguration;
			buildSettings = {
				ALWAYS_SEARCH_USER_PATHS = NO;
				CLANG_CXX_LANGUAGE_STANDARD = "gnu++0x";
				CLANG_CXX_LIBRARY = "libc++";
				CLANG_ENABLE_MODULES = YES;
				CLANG_ENABLE_OBJC_ARC = YES;
				CLANG_WARN_BOOL_CONVERSION = YES;
				CLANG_WARN_CONSTANT_CONVERSION = YES;
				CLANG_WARN_DIRECT_OBJC_ISA_USAGE = YES_ERROR;
				CLANG_WARN_EMPTY_BODY = YES;
				CLANG_WARN_ENUM_CONVERSION = YES;
				CLANG_WARN_INT_CONVERSION = YES;
				CLANG_WARN_OBJC_ROOT_CLASS = YES_ERROR;
				CLANG_WARN_UNREACHABLE_CODE = YES;
				CLANG_WARN__DUPLICATE_METHOD_MATCH = YES;
				"CODE_SIGN_IDENTITY[sdk=iphoneos*]" = "iPhone Developer";
				COPY_PHASE_STRIP = NO;
				DEBUG_INFORMATION_FORMAT = dwarf;
				ENABLE_STRICT_OBJC_MSGSEND = YES;
				ENABLE_TESTABILITY = YES;
				GCC_C_LANGUAGE_STANDARD = gnu99;
				GCC_DYNAMIC_NO_PIC = NO;
				GCC_NO_COMMON_BLOCKS = YES;
				GCC_OPTIMIZATION_LEVEL = 0;
				GCC_PREPROCESSOR_DEFINITIONS = (
					"DEBUG=1",
					"$(inherited)",
				);
				GCC_WARN_64_TO_32_BIT_CONVERSION = YES;
				GCC_WARN_ABOUT_RETURN_TYPE = YES_ERROR;
				GCC_WARN_UNDECLARED_SELECTOR = YES;
				GCC_WARN_UNINITIALIZED_AUTOS = YES_AGGRESSIVE;
				GCC_WARN_UNUSED_FUNCTION = YES;
				GCC_WARN_UNUSED_VARIABLE = YES;
				IPHONEOS_DEPLOYMENT_TARGET = 9.2;
				MTL_ENABLE_DEBUG_INFO = YES;
				ONLY_ACTIVE_ARCH = YES;
				SDKROOT = iphoneos;
				SWIFT_OPTIMIZATION_LEVEL = "-Onone";
				TARGETED_DEVICE_FAMILY = 2;
			};
			name = Debug;
		};
		622D59C51C34B6C8003440C0 /* Release */ = {
			isa = XCBuildConfiguration;
			buildSettings = {
				ALWAYS_SEARCH_USER_PATHS = NO;
				CLANG_CXX_LANGUAGE_STANDARD = "gnu++0x";
				CLANG_CXX_LIBRARY = "libc++";
				CLANG_ENABLE_MODULES = YES;
				CLANG_ENABLE_OBJC_ARC = YES;
				CLANG_WARN_BOOL_CONVERSION = YES;
				CLANG_WARN_CONSTANT_CONVERSION = YES;
				CLANG_WARN_DIRECT_OBJC_ISA_USAGE = YES_ERROR;
				CLANG_WARN_EMPTY_BODY = YES;
				CLANG_WARN_ENUM_CONVERSION = YES;
				CLANG_WARN_INT_CONVERSION = YES;
				CLANG_WARN_OBJC_ROOT_CLASS = YES_ERROR;
				CLANG_WARN_UNREACHABLE_CODE = YES;
				CLANG_WARN__DUPLICATE_METHOD_MATCH = YES;
				"CODE_SIGN_IDENTITY[sdk=iphoneos*]" = "iPhone Developer";
				COPY_PHASE_STRIP = NO;
				DEBUG_INFORMATION_FORMAT = "dwarf-with-dsym";
				ENABLE_NS_ASSERTIONS = NO;
				ENABLE_STRICT_OBJC_MSGSEND = YES;
				GCC_C_LANGUAGE_STANDARD = gnu99;
				GCC_NO_COMMON_BLOCKS = YES;
				GCC_WARN_64_TO_32_BIT_CONVERSION = YES;
				GCC_WARN_ABOUT_RETURN_TYPE = YES_ERROR;
				GCC_WARN_UNDECLARED_SELECTOR = YES;
				GCC_WARN_UNINITIALIZED_AUTOS = YES_AGGRESSIVE;
				GCC_WARN_UNUSED_FUNCTION = YES;
				GCC_WARN_UNUSED_VARIABLE = YES;
				IPHONEOS_DEPLOYMENT_TARGET = 9.2;
				MTL_ENABLE_DEBUG_INFO = NO;
				SDKROOT = iphoneos;
				TARGETED_DEVICE_FAMILY = 2;
				VALIDATE_PRODUCT = YES;
			};
			name = Release;
		};
		622D59C71C34B6C8003440C0 /* Debug */ = {
			isa = XCBuildConfiguration;
			buildSettings = {
				ASSETCATALOG_COMPILER_APPICON_NAME = AppIcon;
				INFOPLIST_FILE = AmazingAmazon/Info.plist;
				LD_RUNPATH_SEARCH_PATHS = "$(inherited) @executable_path/Frameworks";
				PRODUCT_BUNDLE_IDENTIFIER = com.tac.AmazingAmazon;
				PRODUCT_NAME = "$(TARGET_NAME)";
			};
			name = Debug;
		};
		622D59C81C34B6C8003440C0 /* Release */ = {
			isa = XCBuildConfiguration;
			buildSettings = {
				ASSETCATALOG_COMPILER_APPICON_NAME = AppIcon;
				INFOPLIST_FILE = AmazingAmazon/Info.plist;
				LD_RUNPATH_SEARCH_PATHS = "$(inherited) @executable_path/Frameworks";
				PRODUCT_BUNDLE_IDENTIFIER = com.tac.AmazingAmazon;
				PRODUCT_NAME = "$(TARGET_NAME)";
			};
			name = Release;
		};
		622D59CA1C34B6C8003440C0 /* Debug */ = {
			isa = XCBuildConfiguration;
			buildSettings = {
				BUNDLE_LOADER = "$(TEST_HOST)";
				INFOPLIST_FILE = AmazingAmazonTests/Info.plist;
				LD_RUNPATH_SEARCH_PATHS = "$(inherited) @executable_path/Frameworks @loader_path/Frameworks";
				PRODUCT_BUNDLE_IDENTIFIER = com.tac.AmazingAmazonTests;
				PRODUCT_NAME = "$(TARGET_NAME)";
				TEST_HOST = "$(BUILT_PRODUCTS_DIR)/AmazingAmazon.app/AmazingAmazon";
			};
			name = Debug;
		};
		622D59CB1C34B6C8003440C0 /* Release */ = {
			isa = XCBuildConfiguration;
			buildSettings = {
				BUNDLE_LOADER = "$(TEST_HOST)";
				INFOPLIST_FILE = AmazingAmazonTests/Info.plist;
				LD_RUNPATH_SEARCH_PATHS = "$(inherited) @executable_path/Frameworks @loader_path/Frameworks";
				PRODUCT_BUNDLE_IDENTIFIER = com.tac.AmazingAmazonTests;
				PRODUCT_NAME = "$(TARGET_NAME)";
				TEST_HOST = "$(BUILT_PRODUCTS_DIR)/AmazingAmazon.app/AmazingAmazon";
			};
			name = Release;
		};
		622D59CD1C34B6C8003440C0 /* Debug */ = {
			isa = XCBuildConfiguration;
			buildSettings = {
				INFOPLIST_FILE = AmazingAmazonUITests/Info.plist;
				LD_RUNPATH_SEARCH_PATHS = "$(inherited) @executable_path/Frameworks @loader_path/Frameworks";
				PRODUCT_BUNDLE_IDENTIFIER = com.tac.AmazingAmazonUITests;
				PRODUCT_NAME = "$(TARGET_NAME)";
				TEST_TARGET_NAME = AmazingAmazon;
				USES_XCTRUNNER = YES;
			};
			name = Debug;
		};
		622D59CE1C34B6C8003440C0 /* Release */ = {
			isa = XCBuildConfiguration;
			buildSettings = {
				INFOPLIST_FILE = AmazingAmazonUITests/Info.plist;
				LD_RUNPATH_SEARCH_PATHS = "$(inherited) @executable_path/Frameworks @loader_path/Frameworks";
				PRODUCT_BUNDLE_IDENTIFIER = com.tac.AmazingAmazonUITests;
				PRODUCT_NAME = "$(TARGET_NAME)";
				TEST_TARGET_NAME = AmazingAmazon;
				USES_XCTRUNNER = YES;
			};
			name = Release;
		};
/* End XCBuildConfiguration section */

/* Begin XCConfigurationList section */
		622D59991C34B6C7003440C0 /* Build configuration list for PBXProject "AmazingAmazon" */ = {
			isa = XCConfigurationList;
			buildConfigurations = (
				622D59C41C34B6C8003440C0 /* Debug */,
				622D59C51C34B6C8003440C0 /* Release */,
			);
			defaultConfigurationIsVisible = 0;
			defaultConfigurationName = Release;
		};
		622D59C61C34B6C8003440C0 /* Build configuration list for PBXNativeTarget "AmazingAmazon" */ = {
			isa = XCConfigurationList;
			buildConfigurations = (
				622D59C71C34B6C8003440C0 /* Debug */,
				622D59C81C34B6C8003440C0 /* Release */,
			);
			defaultConfigurationIsVisible = 0;
		};
		622D59C91C34B6C8003440C0 /* Build configuration list for PBXNativeTarget "AmazingAmazonTests" */ = {
			isa = XCConfigurationList;
			buildConfigurations = (
				622D59CA1C34B6C8003440C0 /* Debug */,
				622D59CB1C34B6C8003440C0 /* Release */,
			);
			defaultConfigurationIsVisible = 0;
		};
		622D59CC1C34B6C8003440C0 /* Build configuration list for PBXNativeTarget "AmazingAmazonUITests" */ = {
			isa = XCConfigurationList;
			buildConfigurations = (
				622D59CD1C34B6C8003440C0 /* Debug */,
				622D59CE1C34B6C8003440C0 /* Release */,
			);
			defaultConfigurationIsVisible = 0;
		};
/* End XCConfigurationList section */
	};
	rootObject = 622D59961C34B6C7003440C0 /* Project object */;
}
